
Microsoft Visual Studio Solution File, Format Version 12.00
# Visual Studio 15
VisualStudioVersion = 15.0.27428.2015
MinimumVisualStudioVersion = 10.0.40219.1
Project("{FAE04EC0-301F-11D3-BF4B-00C04F79EFBC}") = "CodeTest", "CodeTest\CodeTest.csproj", "{2ABD38CB-A10E-4BAB-8421-C9CB9052F305}"
EndProject
Global
	GlobalSection(SolutionConfigurationPlatforms) = preSolution
		Debug|Any CPU = Debug|Any CPU
		Release|Any CPU = Release|Any CPU
	EndGlobalSection
	GlobalSection(ProjectConfigurationPlatforms) = postSolution
		{2ABD38CB-A10E-4BAB-8421-C9CB9052F305}.Debug|Any CPU.ActiveCfg = Debug|Any CPU
		{2ABD38CB-A10E-4BAB-8421-C9CB9052F305}.Debug|Any CPU.Build.0 = Debug|Any CPU
		{2ABD38CB-A10E-4BAB-8421-C9CB9052F305}.Release|Any CPU.ActiveCfg = Release|Any CPU
		{2ABD38CB-A10E-4BAB-8421-C9CB9052F305}.Release|Any CPU.Build.0 = Release|Any CPU
	EndGlobalSection
	GlobalSection(SolutionProperties) = preSolution
		HideSolutionNode = FALSE
	EndGlobalSection
	GlobalSection(ExtensibilityGlobals) = postSolution
		SolutionGuid = {7EE0C847-C212-4782-91A7-D1DE55DFDBCF}
	EndGlobalSection
EndGlobal
